
Microsoft Visual Studio Solution File, Format Version 12.00
# Visual Studio 15
VisualStudioVersion = 15.0.27004.2005
MinimumVisualStudioVersion = 10.0.40219.1
Project("{2150E333-8FDC-42A3-9474-1A3956D46DE8}") = "Sources", "Sources", "{E7FF5C3B-D3EB-40C4-8004-35A1E6FADA74}"
EndProject
Project("{2150E333-8FDC-42A3-9474-1A3956D46DE8}") = "Shared", "Shared", "{91751539-F1A3-4841-B3F3-B54C86128799}"
EndProject
Project("{2150E333-8FDC-42A3-9474-1A3956D46DE8}") = "Storage", "Storage", "{17B691CE-B53E-4910-883E-D522343B7EFE}"
EndProject
Project("{2150E333-8FDC-42A3-9474-1A3956D46DE8}") = "Tests", "Tests", "{5269C4D5-4EFA-4303-AE9B-214195FA4B80}"
EndProject
Project("{9A19103F-16F7-4668-BE54-9A1E7A4F7556}") = "ConsoleAppTests", "Tests\ConsoleAppTests\ConsoleAppTests.csproj", "{32B24873-92C8-418A-B6B1-07C67B3E582C}"
EndProject
Project("{2150E333-8FDC-42A3-9474-1A3956D46DE8}") = "Headless", "Headless", "{1A3D4AEA-D5E5-4B8C-8588-DCB61345B3BC}"
EndProject
Project("{9A19103F-16F7-4668-BE54-9A1E7A4F7556}") = "SuperNova.Materializer.Host", "Sources\Headless\SuperNova.Materializer.Host\SuperNova.Materializer.Host.csproj", "{CF917D6C-B3A0-4A76-AC14-71E6B24C80C1}"
EndProject
Project("{9A19103F-16F7-4668-BE54-9A1E7A4F7556}") = "SuperNova.Shared", "Sources\Shared\SuperNova.Shared\SuperNova.Shared.csproj", "{D1B40C0C-82D0-4FFD-8780-D1281F7237DB}"
EndProject
Project("{9A19103F-16F7-4668-BE54-9A1E7A4F7556}") = "SuperNova.Storage", "Sources\Storage\SuperNova.Storage\SuperNova.Storage.csproj", "{109A90ED-0901-4449-AA26-A27FF88F0C84}"
EndProject
Project("{9A19103F-16F7-4668-BE54-9A1E7A4F7556}") = "SuperNova.Api", "Sources\SuperNova.Api\SuperNova.Api.csproj", "{1B6C03E3-94ED-49D9-9832-F8A1B75D9C32}"
EndProject
Project("{9A19103F-16F7-4668-BE54-9A1E7A4F7556}") = "SuperNova.Shared.Tests", "Tests\SuperNova.Shared.Tests\SuperNova.Shared.Tests.csproj", "{A736D542-7108-4720-99A6-43A4CE7718DF}"
EndProject
Project("{9A19103F-16F7-4668-BE54-9A1E7A4F7556}") = "SuperNova.StorageTest", "Tests\SuperNova.StorageTest\SuperNova.StorageTest.csproj", "{C42DBE03-B510-4381-8D37-86188E747A50}"
EndProject
Global
	GlobalSection(SolutionConfigurationPlatforms) = preSolution
		Debug|Any CPU = Debug|Any CPU
		Release|Any CPU = Release|Any CPU
	EndGlobalSection
	GlobalSection(ProjectConfigurationPlatforms) = postSolution
		{32B24873-92C8-418A-B6B1-07C67B3E582C}.Debug|Any CPU.ActiveCfg = Debug|Any CPU
		{32B24873-92C8-418A-B6B1-07C67B3E582C}.Debug|Any CPU.Build.0 = Debug|Any CPU
		{32B24873-92C8-418A-B6B1-07C67B3E582C}.Release|Any CPU.ActiveCfg = Release|Any CPU
		{32B24873-92C8-418A-B6B1-07C67B3E582C}.Release|Any CPU.Build.0 = Release|Any CPU
		{CF917D6C-B3A0-4A76-AC14-71E6B24C80C1}.Debug|Any CPU.ActiveCfg = Debug|Any CPU
		{CF917D6C-B3A0-4A76-AC14-71E6B24C80C1}.Debug|Any CPU.Build.0 = Debug|Any CPU
		{CF917D6C-B3A0-4A76-AC14-71E6B24C80C1}.Release|Any CPU.ActiveCfg = Release|Any CPU
		{CF917D6C-B3A0-4A76-AC14-71E6B24C80C1}.Release|Any CPU.Build.0 = Release|Any CPU
		{D1B40C0C-82D0-4FFD-8780-D1281F7237DB}.Debug|Any CPU.ActiveCfg = Debug|Any CPU
		{D1B40C0C-82D0-4FFD-8780-D1281F7237DB}.Debug|Any CPU.Build.0 = Debug|Any CPU
		{D1B40C0C-82D0-4FFD-8780-D1281F7237DB}.Release|Any CPU.ActiveCfg = Release|Any CPU
		{D1B40C0C-82D0-4FFD-8780-D1281F7237DB}.Release|Any CPU.Build.0 = Release|Any CPU
		{109A90ED-0901-4449-AA26-A27FF88F0C84}.Debug|Any CPU.ActiveCfg = Debug|Any CPU
		{109A90ED-0901-4449-AA26-A27FF88F0C84}.Debug|Any CPU.Build.0 = Debug|Any CPU
		{109A90ED-0901-4449-AA26-A27FF88F0C84}.Release|Any CPU.ActiveCfg = Release|Any CPU
		{109A90ED-0901-4449-AA26-A27FF88F0C84}.Release|Any CPU.Build.0 = Release|Any CPU
		{1B6C03E3-94ED-49D9-9832-F8A1B75D9C32}.Debug|Any CPU.ActiveCfg = Debug|Any CPU
		{1B6C03E3-94ED-49D9-9832-F8A1B75D9C32}.Debug|Any CPU.Build.0 = Debug|Any CPU
		{1B6C03E3-94ED-49D9-9832-F8A1B75D9C32}.Release|Any CPU.ActiveCfg = Release|Any CPU
		{1B6C03E3-94ED-49D9-9832-F8A1B75D9C32}.Release|Any CPU.Build.0 = Release|Any CPU
		{A736D542-7108-4720-99A6-43A4CE7718DF}.Debug|Any CPU.ActiveCfg = Debug|Any CPU
		{A736D542-7108-4720-99A6-43A4CE7718DF}.Debug|Any CPU.Build.0 = Debug|Any CPU
		{A736D542-7108-4720-99A6-43A4CE7718DF}.Release|Any CPU.ActiveCfg = Release|Any CPU
		{A736D542-7108-4720-99A6-43A4CE7718DF}.Release|Any CPU.Build.0 = Release|Any CPU
		{C42DBE03-B510-4381-8D37-86188E747A50}.Debug|Any CPU.ActiveCfg = Debug|Any CPU
		{C42DBE03-B510-4381-8D37-86188E747A50}.Debug|Any CPU.Build.0 = Debug|Any CPU
		{C42DBE03-B510-4381-8D37-86188E747A50}.Release|Any CPU.ActiveCfg = Release|Any CPU
		{C42DBE03-B510-4381-8D37-86188E747A50}.Release|Any CPU.Build.0 = Release|Any CPU
	EndGlobalSection
	GlobalSection(SolutionProperties) = preSolution
		HideSolutionNode = FALSE
	EndGlobalSection
	GlobalSection(NestedProjects) = preSolution
		{91751539-F1A3-4841-B3F3-B54C86128799} = {E7FF5C3B-D3EB-40C4-8004-35A1E6FADA74}
		{17B691CE-B53E-4910-883E-D522343B7EFE} = {E7FF5C3B-D3EB-40C4-8004-35A1E6FADA74}
		{32B24873-92C8-418A-B6B1-07C67B3E582C} = {5269C4D5-4EFA-4303-AE9B-214195FA4B80}
		{1A3D4AEA-D5E5-4B8C-8588-DCB61345B3BC} = {E7FF5C3B-D3EB-40C4-8004-35A1E6FADA74}
		{CF917D6C-B3A0-4A76-AC14-71E6B24C80C1} = {1A3D4AEA-D5E5-4B8C-8588-DCB61345B3BC}
		{D1B40C0C-82D0-4FFD-8780-D1281F7237DB} = {91751539-F1A3-4841-B3F3-B54C86128799}
		{109A90ED-0901-4449-AA26-A27FF88F0C84} = {17B691CE-B53E-4910-883E-D522343B7EFE}
		{1B6C03E3-94ED-49D9-9832-F8A1B75D9C32} = {E7FF5C3B-D3EB-40C4-8004-35A1E6FADA74}
		{A736D542-7108-4720-99A6-43A4CE7718DF} = {5269C4D5-4EFA-4303-AE9B-214195FA4B80}
		{C42DBE03-B510-4381-8D37-86188E747A50} = {5269C4D5-4EFA-4303-AE9B-214195FA4B80}
	EndGlobalSection
	GlobalSection(ExtensibilityGlobals) = postSolution
		SolutionGuid = {1FBB60A8-7BD5-4D73-BF8F-BD52248C3D8D}
	EndGlobalSection
EndGlobal
